
Microsoft Visual Studio Solution File, Format Version 12.00
# Visual Studio Version 17
VisualStudioVersion = 17.10.35122.118
MinimumVisualStudioVersion = 10.0.40219.1
Project("{FAE04EC0-301F-11D3-BF4B-00C04F79EFBC}") = "amadySafe", "amadySafe\amadySafe.csproj", "{5ADC6416-65A3-46E8-930F-DF7C8E9D34B0}"
EndProject
Global
	GlobalSection(SolutionConfigurationPlatforms) = preSolution
		Debug|Any CPU = Debug|Any CPU
		Release|Any CPU = Release|Any CPU
	EndGlobalSection
	GlobalSection(ProjectConfigurationPlatforms) = postSolution
		{5ADC6416-65A3-46E8-930F-DF7C8E9D34B0}.Debug|Any CPU.ActiveCfg = Debug|Any CPU
		{5ADC6416-65A3-46E8-930F-DF7C8E9D34B0}.Debug|Any CPU.Build.0 = Debug|Any CPU
		{5ADC6416-65A3-46E8-930F-DF7C8E9D34B0}.Release|Any CPU.ActiveCfg = Release|Any CPU
		{5ADC6416-65A3-46E8-930F-DF7C8E9D34B0}.Release|Any CPU.Build.0 = Release|Any CPU
	EndGlobalSection
	GlobalSection(SolutionProperties) = preSolution
		HideSolutionNode = FALSE
	EndGlobalSection
	GlobalSection(ExtensibilityGlobals) = postSolution
		SolutionGuid = {16DAD9A0-D4AF-44AA-AC8F-7B320D3517FA}
	EndGlobalSection
EndGlobal
